
Microsoft Visual Studio Solution File, Format Version 12.00
# Visual Studio Version 17
VisualStudioVersion = 17.9.34728.123
MinimumVisualStudioVersion = 10.0.40219.1
Project("{FAE04EC0-301F-11D3-BF4B-00C04F79EFBC}") = "Question1", "Question1\Question1.csproj", "{AEE63BD8-B9EB-4769-9FEA-7BE4301500FB}"
EndProject
Global
	GlobalSection(SolutionConfigurationPlatforms) = preSolution
		Debug|Any CPU = Debug|Any CPU
		Release|Any CPU = Release|Any CPU
	EndGlobalSection
	GlobalSection(ProjectConfigurationPlatforms) = postSolution
		{AEE63BD8-B9EB-4769-9FEA-7BE4301500FB}.Debug|Any CPU.ActiveCfg = Debug|Any CPU
		{AEE63BD8-B9EB-4769-9FEA-7BE4301500FB}.Debug|Any CPU.Build.0 = Debug|Any CPU
		{AEE63BD8-B9EB-4769-9FEA-7BE4301500FB}.Release|Any CPU.ActiveCfg = Release|Any CPU
		{AEE63BD8-B9EB-4769-9FEA-7BE4301500FB}.Release|Any CPU.Build.0 = Release|Any CPU
	EndGlobalSection
	GlobalSection(SolutionProperties) = preSolution
		HideSolutionNode = FALSE
	EndGlobalSection
	GlobalSection(ExtensibilityGlobals) = postSolution
		SolutionGuid = {3296557F-6931-4A95-B090-A3FA6CFDAAC6}
	EndGlobalSection
EndGlobal
