
Microsoft Visual Studio Solution File, Format Version 12.00
# Visual Studio Version 17
VisualStudioVersion = 17.9.34728.123
MinimumVisualStudioVersion = 10.0.40219.1
Project("{FAE04EC0-301F-11D3-BF4B-00C04F79EFBC}") = "EmployeeTracker", "EmployeeTracker\EmployeeTracker.csproj", "{335D69CB-3902-4686-85AB-81A529759320}"
EndProject
Project("{FAE04EC0-301F-11D3-BF4B-00C04F79EFBC}") = "ReferenceForEmployeeTracker", "ReferenceForEmployeeTracker\ReferenceForEmployeeTracker.csproj", "{E3FE5E50-2D43-46E9-A57D-DA7578C6B691}"
EndProject
Global
	GlobalSection(SolutionConfigurationPlatforms) = preSolution
		Debug|Any CPU = Debug|Any CPU
		Release|Any CPU = Release|Any CPU
	EndGlobalSection
	GlobalSection(ProjectConfigurationPlatforms) = postSolution
		{335D69CB-3902-4686-85AB-81A529759320}.Debug|Any CPU.ActiveCfg = Debug|Any CPU
		{335D69CB-3902-4686-85AB-81A529759320}.Debug|Any CPU.Build.0 = Debug|Any CPU
		{335D69CB-3902-4686-85AB-81A529759320}.Release|Any CPU.ActiveCfg = Release|Any CPU
		{335D69CB-3902-4686-85AB-81A529759320}.Release|Any CPU.Build.0 = Release|Any CPU
		{E3FE5E50-2D43-46E9-A57D-DA7578C6B691}.Debug|Any CPU.ActiveCfg = Debug|Any CPU
		{E3FE5E50-2D43-46E9-A57D-DA7578C6B691}.Debug|Any CPU.Build.0 = Debug|Any CPU
		{E3FE5E50-2D43-46E9-A57D-DA7578C6B691}.Release|Any CPU.ActiveCfg = Release|Any CPU
		{E3FE5E50-2D43-46E9-A57D-DA7578C6B691}.Release|Any CPU.Build.0 = Release|Any CPU
	EndGlobalSection
	GlobalSection(SolutionProperties) = preSolution
		HideSolutionNode = FALSE
	EndGlobalSection
	GlobalSection(ExtensibilityGlobals) = postSolution
		SolutionGuid = {EB4D97CE-C838-4BA0-AA7F-FA51A7D03487}
	EndGlobalSection
EndGlobal
