
Microsoft Visual Studio Solution File, Format Version 12.00
# Visual Studio Version 17
VisualStudioVersion = 17.9.34728.123
MinimumVisualStudioVersion = 10.0.40219.1
Project("{FAE04EC0-301F-11D3-BF4B-00C04F79EFBC}") = "DoctorDetails", "DoctorDetails\DoctorDetails.csproj", "{D425F493-8D3B-448B-8122-0D99994D311B}"
EndProject
Global
	GlobalSection(SolutionConfigurationPlatforms) = preSolution
		Debug|Any CPU = Debug|Any CPU
		Release|Any CPU = Release|Any CPU
	EndGlobalSection
	GlobalSection(ProjectConfigurationPlatforms) = postSolution
		{D425F493-8D3B-448B-8122-0D99994D311B}.Debug|Any CPU.ActiveCfg = Debug|Any CPU
		{D425F493-8D3B-448B-8122-0D99994D311B}.Debug|Any CPU.Build.0 = Debug|Any CPU
		{D425F493-8D3B-448B-8122-0D99994D311B}.Release|Any CPU.ActiveCfg = Release|Any CPU
		{D425F493-8D3B-448B-8122-0D99994D311B}.Release|Any CPU.Build.0 = Release|Any CPU
	EndGlobalSection
	GlobalSection(SolutionProperties) = preSolution
		HideSolutionNode = FALSE
	EndGlobalSection
	GlobalSection(ExtensibilityGlobals) = postSolution
		SolutionGuid = {96CCA89C-E76F-41DA-907B-768DE824F108}
	EndGlobalSection
EndGlobal
